
Microsoft Visual Studio Solution File, Format Version 12.00
# Visual Studio 15
Project("{FAE04EC0-301F-11D3-BF4B-00C04F79EFBC}") = "ScreeningTool.Server", "ScreeningTool\Server\ScreeningTool.Server.csproj", "{FAD0C03A-71A2-46F1-9E4E-818440798A7D}"
EndProject
Project("{FAE04EC0-301F-11D3-BF4B-00C04F79EFBC}") = "ScreeningTool.Client", "ScreeningTool\Client\ScreeningTool.Client.csproj", "{AE1056CF-EDFC-4C73-8F17-09D2DFAC52C0}"
EndProject
Project("{FAE04EC0-301F-11D3-BF4B-00C04F79EFBC}") = "ScreeningTool.Shared", "ScreeningTool\Shared\ScreeningTool.Shared.csproj", "{A5BC27F3-B8E5-4696-B105-CB8053520275}"
EndProject
Global
	GlobalSection(SolutionConfigurationPlatforms) = preSolution
		Debug|Any CPU = Debug|Any CPU
		Release|Any CPU = Release|Any CPU
	EndGlobalSection
	GlobalSection(ProjectConfigurationPlatforms) = postSolution
		{FAD0C03A-71A2-46F1-9E4E-818440798A7D}.Debug|Any CPU.ActiveCfg = Debug|Any CPU
		{FAD0C03A-71A2-46F1-9E4E-818440798A7D}.Debug|Any CPU.Build.0 = Debug|Any CPU
		{FAD0C03A-71A2-46F1-9E4E-818440798A7D}.Release|Any CPU.ActiveCfg = Release|Any CPU
		{FAD0C03A-71A2-46F1-9E4E-818440798A7D}.Release|Any CPU.Build.0 = Release|Any CPU
		{AE1056CF-EDFC-4C73-8F17-09D2DFAC52C0}.Debug|Any CPU.ActiveCfg = Debug|Any CPU
		{AE1056CF-EDFC-4C73-8F17-09D2DFAC52C0}.Debug|Any CPU.Build.0 = Debug|Any CPU
		{AE1056CF-EDFC-4C73-8F17-09D2DFAC52C0}.Release|Any CPU.ActiveCfg = Release|Any CPU
		{AE1056CF-EDFC-4C73-8F17-09D2DFAC52C0}.Release|Any CPU.Build.0 = Release|Any CPU
		{A5BC27F3-B8E5-4696-B105-CB8053520275}.Debug|Any CPU.ActiveCfg = Debug|Any CPU
		{A5BC27F3-B8E5-4696-B105-CB8053520275}.Debug|Any CPU.Build.0 = Debug|Any CPU
		{A5BC27F3-B8E5-4696-B105-CB8053520275}.Release|Any CPU.ActiveCfg = Release|Any CPU
		{A5BC27F3-B8E5-4696-B105-CB8053520275}.Release|Any CPU.Build.0 = Release|Any CPU
	EndGlobalSection
EndGlobal
